// !$*UTF8*$!
{
	archiveVersion = 1;
	classes = {
	};
	objectVersion = 46;
	objects = {

/* Begin PBXBuildFile section */
		13B07FBC1A68108700A75B9A /* AppDelegate.m in Sources */ = {isa = PBXBuildFile; fileRef = 13B07FB01A68108700A75B9A /* AppDelegate.m */; };
		13B07FBD1A68108700A75B9A /* LaunchScreen.xib in Resources */ = {isa = PBXBuildFile; fileRef = 13B07FB11A68108700A75B9A /* LaunchScreen.xib */; };
		13B07FBF1A68108700A75B9A /* Images.xcassets in Resources */ = {isa = PBXBuildFile; fileRef = 13B07FB51A68108700A75B9A /* Images.xcassets */; };
		13B07FC11A68108700A75B9A /* main.m in Sources */ = {isa = PBXBuildFile; fileRef = 13B07FB71A68108700A75B9A /* main.m */; };
		3E461D99554A48A4959DE609 /* SplashScreen.storyboard in Resources */ = {isa = PBXBuildFile; fileRef = AA286B85B6C04FC6940260E9 /* SplashScreen.storyboard */; };
		96905EF65AED1B983A6B3ABC /* libPods-fourleavesapp.a in Frameworks */ = {isa = PBXBuildFile; fileRef = 58EEBF8E8E6FB1BC6CAF49B5 /* libPods-fourleavesapp.a */; };
		BB2F792D24A3F905000567C9 /* Expo.plist in Resources */ = {isa = PBXBuildFile; fileRef = BB2F792C24A3F905000567C9 /* Expo.plist */; };
		7B13E962CAE14573B72908D8 /* Nunito-Black.ttf in Resources */ = {isa = PBXBuildFile; fileRef = AFB57BB28B7340DEA6DCEF7A /* Nunito-Black.ttf */; };
		36BB8F0216A74DC9927E7E07 /* Nunito-BlackItalic.ttf in Resources */ = {isa = PBXBuildFile; fileRef = 9D6E9D76C5DC4AADAF0EA9C4 /* Nunito-BlackItalic.ttf */; };
		5F215D62D4F6445581AEDB7A /* Nunito-Bold.ttf in Resources */ = {isa = PBXBuildFile; fileRef = 1C96E0130F4D436DACC336F0 /* Nunito-Bold.ttf */; };
		0C6BAF9DA1E64883ADA127CA /* Nunito-BoldItalic.ttf in Resources */ = {isa = PBXBuildFile; fileRef = 63A3F13BF6CA4CE5BD6AFA0B /* Nunito-BoldItalic.ttf */; };
		F0D9E9610EED4F9C81DBEE18 /* Nunito-ExtraBold.ttf in Resources */ = {isa = PBXBuildFile; fileRef = BEBC77B5BD4A42238D14EF15 /* Nunito-ExtraBold.ttf */; };
		56377924474D4104B8EF9DB6 /* Nunito-ExtraBoldItalic.ttf in Resources */ = {isa = PBXBuildFile; fileRef = EEFFA2E7CE4F4F688BBA0F53 /* Nunito-ExtraBoldItalic.ttf */; };
		D379E33538C449328C37793F /* Nunito-ExtraLight.ttf in Resources */ = {isa = PBXBuildFile; fileRef = 0B563E3E32284666937FD78D /* Nunito-ExtraLight.ttf */; };
		DF4D9015CD274FD2B67829B5 /* Nunito-ExtraLightItalic.ttf in Resources */ = {isa = PBXBuildFile; fileRef = 87E610BBE911424EB033F3F5 /* Nunito-ExtraLightItalic.ttf */; };
		399FE2963AEB4EBA9CD13147 /* Nunito-Italic.ttf in Resources */ = {isa = PBXBuildFile; fileRef = 1B41DC1D45D5463A80D45160 /* Nunito-Italic.ttf */; };
		B919B37CAC514236ABCA0741 /* Nunito-Light.ttf in Resources */ = {isa = PBXBuildFile; fileRef = A85F29D9ED27430FB41FD5D2 /* Nunito-Light.ttf */; };
		509DD379F6F543D6992D58A1 /* Nunito-LightItalic.ttf in Resources */ = {isa = PBXBuildFile; fileRef = 07FDEF3BAF18444A8005933E /* Nunito-LightItalic.ttf */; };
		6903B1AAE9C0460AAF427048 /* Nunito-Regular.ttf in Resources */ = {isa = PBXBuildFile; fileRef = B9BAB94FE22248E68C17FE8A /* Nunito-Regular.ttf */; };
		A50059BF5E1545559DBE44AA /* Nunito-SemiBold.ttf in Resources */ = {isa = PBXBuildFile; fileRef = 7857716A3E7746A98B242BA8 /* Nunito-SemiBold.ttf */; };
		C402EC0BF46848EA806ED0C2 /* Nunito-SemiBoldItalic.ttf in Resources */ = {isa = PBXBuildFile; fileRef = 4A69385F88484EA4891EE02F /* Nunito-SemiBoldItalic.ttf */; };
		35F22F697E1B4994850B0153 /* OpenSans-Bold.ttf in Resources */ = {isa = PBXBuildFile; fileRef = CD680F8B14DF46729FF1ABEC /* OpenSans-Bold.ttf */; };
		E2E889E9425C43D7807CC416 /* OpenSans-BoldItalic.ttf in Resources */ = {isa = PBXBuildFile; fileRef = C8576C3156934584B6B2EC36 /* OpenSans-BoldItalic.ttf */; };
		B407774B0DC24799B07F5526 /* OpenSans-ExtraBold.ttf in Resources */ = {isa = PBXBuildFile; fileRef = C2B7FB9A95F64597BBA9FCB5 /* OpenSans-ExtraBold.ttf */; };
		81C77AA60065459DB8821A42 /* OpenSans-ExtraBoldItalic.ttf in Resources */ = {isa = PBXBuildFile; fileRef = FEA6262195604CB9B6DA9877 /* OpenSans-ExtraBoldItalic.ttf */; };
		59BBDF23120940DDA0891D91 /* OpenSans-Italic.ttf in Resources */ = {isa = PBXBuildFile; fileRef = DBD4CA68DF1C433294633786 /* OpenSans-Italic.ttf */; };
		94FC51DE52F24C4DBFAFE88F /* OpenSans-Light.ttf in Resources */ = {isa = PBXBuildFile; fileRef = 1DA08F06070D4A1381EBFBB1 /* OpenSans-Light.ttf */; };
		1C7CFC52431941FA81D0D721 /* OpenSans-LightItalic.ttf in Resources */ = {isa = PBXBuildFile; fileRef = 8A07CBFA698E43CBB62AFB48 /* OpenSans-LightItalic.ttf */; };
		3748DFB1467748C5AC8D7F99 /* OpenSans-Regular.ttf in Resources */ = {isa = PBXBuildFile; fileRef = EF71258CCCBB42B4A665DC6F /* OpenSans-Regular.ttf */; };
		D35BCBF92615467FBF6CEAE7 /* OpenSans-SemiBold.ttf in Resources */ = {isa = PBXBuildFile; fileRef = 5B790392B77E42B787E6E2D0 /* OpenSans-SemiBold.ttf */; };
		41A716117FC64AAA90E6AA34 /* OpenSans-SemiBoldItalic.ttf in Resources */ = {isa = PBXBuildFile; fileRef = 9066F6F62F174F6BBB5DAAFB /* OpenSans-SemiBoldItalic.ttf */; };
		4E190B930C4C4896B27403D4 /* example-page.png in Resources */ = {isa = PBXBuildFile; fileRef = ACB9BE8FC5CB49C481801209 /* example-page.png */; };
		1E4FF2A908A541BFBFD34B54 /* example-page@2x.png in Resources */ = {isa = PBXBuildFile; fileRef = 959FC14698A04000AE86BFFF /* example-page@2x.png */; };
		1A8B3F843E0648C493FE0AA3 /* example-people.png in Resources */ = {isa = PBXBuildFile; fileRef = 7D4FFD35B9BB402C965ED3F8 /* example-people.png */; };
		7BADA4E8AF9D42EFAC4A051D /* example-people@2x.png in Resources */ = {isa = PBXBuildFile; fileRef = 1AED82E72BA240BE971D7319 /* example-people@2x.png */; };
		242114C2C0604F2D8E48984B /* example-post.png in Resources */ = {isa = PBXBuildFile; fileRef = 8866C406535643518355B362 /* example-post.png */; };
		70DC198BE84041FEA7B675A2 /* example-post@2x.png in Resources */ = {isa = PBXBuildFile; fileRef = 5AEFAE85219D4245989E6492 /* example-post@2x.png */; };
		18B643E4CB7D4145824F809C /* iconsminds.svg in Resources */ = {isa = PBXBuildFile; fileRef = 3D06CBA707444572943CD73C /* iconsminds.svg */; };
		9B09DEF1549049518E646AE1 /* iconsminds.ttf in Resources */ = {isa = PBXBuildFile; fileRef = 4F47D4DBC11C4E749BCAB9A1 /* iconsminds.ttf */; };
		993129B386E8406BB5A9A32E /* iconsminds.woff in Resources */ = {isa = PBXBuildFile; fileRef = 67DAAD53B2B94BC195ADD71A /* iconsminds.woff */; };
		BECA4ABA8C5F4108A30F2B92 /* iconsminds.woff2 in Resources */ = {isa = PBXBuildFile; fileRef = 711D0FBCF64948CAAD349C5E /* iconsminds.woff2 */; };
		5653F7D8334448C291A43066 /* AntDesign.ttf in Resources */ = {isa = PBXBuildFile; fileRef = F6C228A4C1C74350A62EFBAE /* AntDesign.ttf */; };
		7357ABBD7DB740C1ABE0FDFC /* Entypo.ttf in Resources */ = {isa = PBXBuildFile; fileRef = 1DACFBF263CC44EBA0CAC3F4 /* Entypo.ttf */; };
		D5A933E5C7BF4093BA3D5A57 /* EvilIcons.ttf in Resources */ = {isa = PBXBuildFile; fileRef = 6A4DD3BC83B84A1797D1FFD0 /* EvilIcons.ttf */; };
		3D8A2960547B4C2CA1FC4F02 /* Feather.ttf in Resources */ = {isa = PBXBuildFile; fileRef = E2534010EFE04FDE85A2885D /* Feather.ttf */; };
		F58E313870A04694A7366D3E /* FontAwesome.ttf in Resources */ = {isa = PBXBuildFile; fileRef = CCAA9F4D0055453E94DFD6B9 /* FontAwesome.ttf */; };
		3634464820114EE1B5BA9AFB /* FontAwesome5_Brands.ttf in Resources */ = {isa = PBXBuildFile; fileRef = A55ACD8432B14AC6B449FD28 /* FontAwesome5_Brands.ttf */; };
		BCFC33F976CB4A539C208878 /* FontAwesome5_Regular.ttf in Resources */ = {isa = PBXBuildFile; fileRef = 1F4D6CA1578A4749AE93818A /* FontAwesome5_Regular.ttf */; };
		A6221B5180A04976A9296499 /* FontAwesome5_Solid.ttf in Resources */ = {isa = PBXBuildFile; fileRef = E45229CA6593441EA890C134 /* FontAwesome5_Solid.ttf */; };
		084A9510AD14408A90E52008 /* Fontisto.ttf in Resources */ = {isa = PBXBuildFile; fileRef = 1AEEC741430B49BDBA89ADFF /* Fontisto.ttf */; };
		6940E90C652044A79C802E33 /* Foundation.ttf in Resources */ = {isa = PBXBuildFile; fileRef = C7E5E97560154F1D87BFA977 /* Foundation.ttf */; };
		6CF4ABBCB07B4323B5856645 /* Ionicons.ttf in Resources */ = {isa = PBXBuildFile; fileRef = 76A4436058E041E1AB380D31 /* Ionicons.ttf */; };
		330FE7FCB446407089067DCB /* MaterialCommunityIcons.ttf in Resources */ = {isa = PBXBuildFile; fileRef = E26E835F5BB0486F80803005 /* MaterialCommunityIcons.ttf */; };
		F3E206312DF040E38DB7FAB8 /* MaterialIcons.ttf in Resources */ = {isa = PBXBuildFile; fileRef = 888FA5252E534C1598B0E949 /* MaterialIcons.ttf */; };
		E84DE3F6D49E4D6586502A7B /* Octicons.ttf in Resources */ = {isa = PBXBuildFile; fileRef = ABBCE5140EB448CD9BAD5245 /* Octicons.ttf */; };
		A8724382DC62408CA00BBA9B /* SimpleLineIcons.ttf in Resources */ = {isa = PBXBuildFile; fileRef = 76C75B4166B14FFFBFBBA9AA /* SimpleLineIcons.ttf */; };
		8FA223980E204E8FB96ED1A9 /* Zocial.ttf in Resources */ = {isa = PBXBuildFile; fileRef = C6E2955A941F49B38DD97D8A /* Zocial.ttf */; };
		A7EEB517086545C8A2F91730 /* Simple-Line-Icons.svg in Resources */ = {isa = PBXBuildFile; fileRef = 064D8870D0374524B0EA3232 /* Simple-Line-Icons.svg */; };
		F65932FF1D554A7B8C9B2F4C /* Simple-Line-Icons.ttf in Resources */ = {isa = PBXBuildFile; fileRef = BB3D8A9C584849B0946FB700 /* Simple-Line-Icons.ttf */; };
		9E09B3F2EA574E6392092A03 /* Simple-Line-Icons.woff in Resources */ = {isa = PBXBuildFile; fileRef = EAD804E2442D4117B64BF5C7 /* Simple-Line-Icons.woff */; };
		D080828586E94BD38019A45E /* Simple-Line-Icons.woff2 in Resources */ = {isa = PBXBuildFile; fileRef = 3530648D98134DBF9B1CD790 /* Simple-Line-Icons.woff2 */; };
		60F15A4E6D21402884DBF460 /* simplelineicon.svg in Resources */ = {isa = PBXBuildFile; fileRef = 16A0C98D75E74CC89CC3D7C4 /* simplelineicon.svg */; };
		735558FF45834CFB8A7D4FBC /* simplelineicon.ttf in Resources */ = {isa = PBXBuildFile; fileRef = 9CEEF588A6874C0A9B6FDDF0 /* simplelineicon.ttf */; };
		3EE854AB5899414E823419DA /* simplelineicon.woff in Resources */ = {isa = PBXBuildFile; fileRef = 03D615E2201E45A395B0BF70 /* simplelineicon.woff */; };
		920F4C11995643D99ABEE86F /* simplelineicon.woff2 in Resources */ = {isa = PBXBuildFile; fileRef = 57CEFEB98B264D61B6F531D0 /* simplelineicon.woff2 */; };
/* End PBXBuildFile section */

/* Begin PBXFileReference section */
		008F07F21AC5B25A0029DE68 /* main.jsbundle */ = {isa = PBXFileReference; fileEncoding = 4; lastKnownFileType = text; path = main.jsbundle; sourceTree = "<group>"; };
		13B07F961A680F5B00A75B9A /* fourleavesapp.app */ = {isa = PBXFileReference; explicitFileType = wrapper.application; includeInIndex = 0; path = fourleavesapp.app; sourceTree = BUILT_PRODUCTS_DIR; };
		13B07FAF1A68108700A75B9A /* AppDelegate.h */ = {isa = PBXFileReference; fileEncoding = 4; lastKnownFileType = sourcecode.c.h; name = AppDelegate.h; path = fourleavesapp/AppDelegate.h; sourceTree = "<group>"; };
		13B07FB01A68108700A75B9A /* AppDelegate.m */ = {isa = PBXFileReference; fileEncoding = 4; lastKnownFileType = sourcecode.c.objc; name = AppDelegate.m; path = fourleavesapp/AppDelegate.m; sourceTree = "<group>"; };
		13B07FB21A68108700A75B9A /* Base */ = {isa = PBXFileReference; lastKnownFileType = file.xib; name = Base; path = Base.lproj/LaunchScreen.xib; sourceTree = "<group>"; };
		13B07FB51A68108700A75B9A /* Images.xcassets */ = {isa = PBXFileReference; lastKnownFileType = folder.assetcatalog; name = Images.xcassets; path = fourleavesapp/Images.xcassets; sourceTree = "<group>"; };
		13B07FB61A68108700A75B9A /* Info.plist */ = {isa = PBXFileReference; fileEncoding = 4; lastKnownFileType = text.plist.xml; name = Info.plist; path = fourleavesapp/Info.plist; sourceTree = "<group>"; };
		13B07FB71A68108700A75B9A /* main.m */ = {isa = PBXFileReference; fileEncoding = 4; lastKnownFileType = sourcecode.c.objc; name = main.m; path = fourleavesapp/main.m; sourceTree = "<group>"; };
		58EEBF8E8E6FB1BC6CAF49B5 /* libPods-fourleavesapp.a */ = {isa = PBXFileReference; explicitFileType = archive.ar; includeInIndex = 0; path = "libPods-fourleavesapp.a"; sourceTree = BUILT_PRODUCTS_DIR; };
		6C2E3173556A471DD304B334 /* Pods-fourleavesapp.debug.xcconfig */ = {isa = PBXFileReference; includeInIndex = 1; lastKnownFileType = text.xcconfig; name = "Pods-fourleavesapp.debug.xcconfig"; path = "Target Support Files/Pods-fourleavesapp/Pods-fourleavesapp.debug.xcconfig"; sourceTree = "<group>"; };
		7A4D352CD337FB3A3BF06240 /* Pods-fourleavesapp.release.xcconfig */ = {isa = PBXFileReference; includeInIndex = 1; lastKnownFileType = text.xcconfig; name = "Pods-fourleavesapp.release.xcconfig"; path = "Target Support Files/Pods-fourleavesapp/Pods-fourleavesapp.release.xcconfig"; sourceTree = "<group>"; };
		AA286B85B6C04FC6940260E9 /* SplashScreen.storyboard */ = {isa = PBXFileReference; fileEncoding = 4; lastKnownFileType = file.storyboard; name = SplashScreen.storyboard; path = fourleavesapp/SplashScreen.storyboard; sourceTree = "<group>"; };
		BB2F792C24A3F905000567C9 /* Expo.plist */ = {isa = PBXFileReference; fileEncoding = 4; lastKnownFileType = text.plist.xml; path = Expo.plist; sourceTree = "<group>"; };
		ED297162215061F000B7C4FE /* JavaScriptCore.framework */ = {isa = PBXFileReference; lastKnownFileType = wrapper.framework; name = JavaScriptCore.framework; path = System/Library/Frameworks/JavaScriptCore.framework; sourceTree = SDKROOT; };
		ED2971642150620600B7C4FE /* JavaScriptCore.framework */ = {isa = PBXFileReference; lastKnownFileType = wrapper.framework; name = JavaScriptCore.framework; path = Platforms/AppleTVOS.platform/Developer/SDKs/AppleTVOS12.0.sdk/System/Library/Frameworks/JavaScriptCore.framework; sourceTree = DEVELOPER_DIR; };
		AFB57BB28B7340DEA6DCEF7A /* Nunito-Black.ttf */ = {isa = PBXFileReference; name = "Nunito-Black.ttf"; path = "../assets/fonts/Nunito/Nunito-Black.ttf"; sourceTree = "<group>"; fileEncoding = undefined; lastKnownFileType = unknown; explicitFileType = undefined; includeInIndex = 0; };
		9D6E9D76C5DC4AADAF0EA9C4 /* Nunito-BlackItalic.ttf */ = {isa = PBXFileReference; name = "Nunito-BlackItalic.ttf"; path = "../assets/fonts/Nunito/Nunito-BlackItalic.ttf"; sourceTree = "<group>"; fileEncoding = undefined; lastKnownFileType = unknown; explicitFileType = undefined; includeInIndex = 0; };
		1C96E0130F4D436DACC336F0 /* Nunito-Bold.ttf */ = {isa = PBXFileReference; name = "Nunito-Bold.ttf"; path = "../assets/fonts/Nunito/Nunito-Bold.ttf"; sourceTree = "<group>"; fileEncoding = undefined; lastKnownFileType = unknown; explicitFileType = undefined; includeInIndex = 0; };
		63A3F13BF6CA4CE5BD6AFA0B /* Nunito-BoldItalic.ttf */ = {isa = PBXFileReference; name = "Nunito-BoldItalic.ttf"; path = "../assets/fonts/Nunito/Nunito-BoldItalic.ttf"; sourceTree = "<group>"; fileEncoding = undefined; lastKnownFileType = unknown; explicitFileType = undefined; includeInIndex = 0; };
		BEBC77B5BD4A42238D14EF15 /* Nunito-ExtraBold.ttf */ = {isa = PBXFileReference; name = "Nunito-ExtraBold.ttf"; path = "../assets/fonts/Nunito/Nunito-ExtraBold.ttf"; sourceTree = "<group>"; fileEncoding = undefined; lastKnownFileType = unknown; explicitFileType = undefined; includeInIndex = 0; };
		EEFFA2E7CE4F4F688BBA0F53 /* Nunito-ExtraBoldItalic.ttf */ = {isa = PBXFileReference; name = "Nunito-ExtraBoldItalic.ttf"; path = "../assets/fonts/Nunito/Nunito-ExtraBoldItalic.ttf"; sourceTree = "<group>"; fileEncoding = undefined; lastKnownFileType = unknown; explicitFileType = undefined; includeInIndex = 0; };
		0B563E3E32284666937FD78D /* Nunito-ExtraLight.ttf */ = {isa = PBXFileReference; name = "Nunito-ExtraLight.ttf"; path = "../assets/fonts/Nunito/Nunito-ExtraLight.ttf"; sourceTree = "<group>"; fileEncoding = undefined; lastKnownFileType = unknown; explicitFileType = undefined; includeInIndex = 0; };
		87E610BBE911424EB033F3F5 /* Nunito-ExtraLightItalic.ttf */ = {isa = PBXFileReference; name = "Nunito-ExtraLightItalic.ttf"; path = "../assets/fonts/Nunito/Nunito-ExtraLightItalic.ttf"; sourceTree = "<group>"; fileEncoding = undefined; lastKnownFileType = unknown; explicitFileType = undefined; includeInIndex = 0; };
		1B41DC1D45D5463A80D45160 /* Nunito-Italic.ttf */ = {isa = PBXFileReference; name = "Nunito-Italic.ttf"; path = "../assets/fonts/Nunito/Nunito-Italic.ttf"; sourceTree = "<group>"; fileEncoding = undefined; lastKnownFileType = unknown; explicitFileType = undefined; includeInIndex = 0; };
		A85F29D9ED27430FB41FD5D2 /* Nunito-Light.ttf */ = {isa = PBXFileReference; name = "Nunito-Light.ttf"; path = "../assets/fonts/Nunito/Nunito-Light.ttf"; sourceTree = "<group>"; fileEncoding = undefined; lastKnownFileType = unknown; explicitFileType = undefined; includeInIndex = 0; };
		07FDEF3BAF18444A8005933E /* Nunito-LightItalic.ttf */ = {isa = PBXFileReference; name = "Nunito-LightItalic.ttf"; path = "../assets/fonts/Nunito/Nunito-LightItalic.ttf"; sourceTree = "<group>"; fileEncoding = undefined; lastKnownFileType = unknown; explicitFileType = undefined; includeInIndex = 0; };
		B9BAB94FE22248E68C17FE8A /* Nunito-Regular.ttf */ = {isa = PBXFileReference; name = "Nunito-Regular.ttf"; path = "../assets/fonts/Nunito/Nunito-Regular.ttf"; sourceTree = "<group>"; fileEncoding = undefined; lastKnownFileType = unknown; explicitFileType = undefined; includeInIndex = 0; };
		7857716A3E7746A98B242BA8 /* Nunito-SemiBold.ttf */ = {isa = PBXFileReference; name = "Nunito-SemiBold.ttf"; path = "../assets/fonts/Nunito/Nunito-SemiBold.ttf"; sourceTree = "<group>"; fileEncoding = undefined; lastKnownFileType = unknown; explicitFileType = undefined; includeInIndex = 0; };
		4A69385F88484EA4891EE02F /* Nunito-SemiBoldItalic.ttf */ = {isa = PBXFileReference; name = "Nunito-SemiBoldItalic.ttf"; path = "../assets/fonts/Nunito/Nunito-SemiBoldItalic.ttf"; sourceTree = "<group>"; fileEncoding = undefined; lastKnownFileType = unknown; explicitFileType = undefined; includeInIndex = 0; };
		CD680F8B14DF46729FF1ABEC /* OpenSans-Bold.ttf */ = {isa = PBXFileReference; name = "OpenSans-Bold.ttf"; path = "../assets/fonts/Open_Sans/OpenSans-Bold.ttf"; sourceTree = "<group>"; fileEncoding = undefined; lastKnownFileType = unknown; explicitFileType = undefined; includeInIndex = 0; };
		C8576C3156934584B6B2EC36 /* OpenSans-BoldItalic.ttf */ = {isa = PBXFileReference; name = "OpenSans-BoldItalic.ttf"; path = "../assets/fonts/Open_Sans/OpenSans-BoldItalic.ttf"; sourceTree = "<group>"; fileEncoding = undefined; lastKnownFileType = unknown; explicitFileType = undefined; includeInIndex = 0; };
		C2B7FB9A95F64597BBA9FCB5 /* OpenSans-ExtraBold.ttf */ = {isa = PBXFileReference; name = "OpenSans-ExtraBold.ttf"; path = "../assets/fonts/Open_Sans/OpenSans-ExtraBold.ttf"; sourceTree = "<group>"; fileEncoding = undefined; lastKnownFileType = unknown; explicitFileType = undefined; includeInIndex = 0; };
		FEA6262195604CB9B6DA9877 /* OpenSans-ExtraBoldItalic.ttf */ = {isa = PBXFileReference; name = "OpenSans-ExtraBoldItalic.ttf"; path = "../assets/fonts/Open_Sans/OpenSans-ExtraBoldItalic.ttf"; sourceTree = "<group>"; fileEncoding = undefined; lastKnownFileType = unknown; explicitFileType = undefined; includeInIndex = 0; };
		DBD4CA68DF1C433294633786 /* OpenSans-Italic.ttf */ = {isa = PBXFileReference; name = "OpenSans-Italic.ttf"; path = "../assets/fonts/Open_Sans/OpenSans-Italic.ttf"; sourceTree = "<group>"; fileEncoding = undefined; lastKnownFileType = unknown; explicitFileType = undefined; includeInIndex = 0; };
		1DA08F06070D4A1381EBFBB1 /* OpenSans-Light.ttf */ = {isa = PBXFileReference; name = "OpenSans-Light.ttf"; path = "../assets/fonts/Open_Sans/OpenSans-Light.ttf"; sourceTree = "<group>"; fileEncoding = undefined; lastKnownFileType = unknown; explicitFileType = undefined; includeInIndex = 0; };
		8A07CBFA698E43CBB62AFB48 /* OpenSans-LightItalic.ttf */ = {isa = PBXFileReference; name = "OpenSans-LightItalic.ttf"; path = "../assets/fonts/Open_Sans/OpenSans-LightItalic.ttf"; sourceTree = "<group>"; fileEncoding = undefined; lastKnownFileType = unknown; explicitFileType = undefined; includeInIndex = 0; };
		EF71258CCCBB42B4A665DC6F /* OpenSans-Regular.ttf */ = {isa = PBXFileReference; name = "OpenSans-Regular.ttf"; path = "../assets/fonts/Open_Sans/OpenSans-Regular.ttf"; sourceTree = "<group>"; fileEncoding = undefined; lastKnownFileType = unknown; explicitFileType = undefined; includeInIndex = 0; };
		5B790392B77E42B787E6E2D0 /* OpenSans-SemiBold.ttf */ = {isa = PBXFileReference; name = "OpenSans-SemiBold.ttf"; path = "../assets/fonts/Open_Sans/OpenSans-SemiBold.ttf"; sourceTree = "<group>"; fileEncoding = undefined; lastKnownFileType = unknown; explicitFileType = undefined; includeInIndex = 0; };
		9066F6F62F174F6BBB5DAAFB /* OpenSans-SemiBoldItalic.ttf */ = {isa = PBXFileReference; name = "OpenSans-SemiBoldItalic.ttf"; path = "../assets/fonts/Open_Sans/OpenSans-SemiBoldItalic.ttf"; sourceTree = "<group>"; fileEncoding = undefined; lastKnownFileType = unknown; explicitFileType = undefined; includeInIndex = 0; };
		ACB9BE8FC5CB49C481801209 /* example-page.png */ = {isa = PBXFileReference; name = "example-page.png"; path = "../assets/example-page.png"; sourceTree = "<group>"; fileEncoding = undefined; lastKnownFileType = unknown; explicitFileType = undefined; includeInIndex = 0; };
		959FC14698A04000AE86BFFF /* example-page@2x.png */ = {isa = PBXFileReference; name = "example-page@2x.png"; path = "../assets/example-page@2x.png"; sourceTree = "<group>"; fileEncoding = undefined; lastKnownFileType = unknown; explicitFileType = undefined; includeInIndex = 0; };
		7D4FFD35B9BB402C965ED3F8 /* example-people.png */ = {isa = PBXFileReference; name = "example-people.png"; path = "../assets/example-people.png"; sourceTree = "<group>"; fileEncoding = undefined; lastKnownFileType = unknown; explicitFileType = undefined; includeInIndex = 0; };
		1AED82E72BA240BE971D7319 /* example-people@2x.png */ = {isa = PBXFileReference; name = "example-people@2x.png"; path = "../assets/example-people@2x.png"; sourceTree = "<group>"; fileEncoding = undefined; lastKnownFileType = unknown; explicitFileType = undefined; includeInIndex = 0; };
		8866C406535643518355B362 /* example-post.png */ = {isa = PBXFileReference; name = "example-post.png"; path = "../assets/example-post.png"; sourceTree = "<group>"; fileEncoding = undefined; lastKnownFileType = unknown; explicitFileType = undefined; includeInIndex = 0; };
		5AEFAE85219D4245989E6492 /* example-post@2x.png */ = {isa = PBXFileReference; name = "example-post@2x.png"; path = "../assets/example-post@2x.png"; sourceTree = "<group>"; fileEncoding = undefined; lastKnownFileType = unknown; explicitFileType = undefined; includeInIndex = 0; };
		3D06CBA707444572943CD73C /* iconsminds.svg */ = {isa = PBXFileReference; name = "iconsminds.svg"; path = "../assets/fonts/iconsmind/iconsminds.svg"; sourceTree = "<group>"; fileEncoding = undefined; lastKnownFileType = unknown; explicitFileType = undefined; includeInIndex = 0; };
		4F47D4DBC11C4E749BCAB9A1 /* iconsminds.ttf */ = {isa = PBXFileReference; name = "iconsminds.ttf"; path = "../assets/fonts/iconsmind/iconsminds.ttf"; sourceTree = "<group>"; fileEncoding = undefined; lastKnownFileType = unknown; explicitFileType = undefined; includeInIndex = 0; };
		67DAAD53B2B94BC195ADD71A /* iconsminds.woff */ = {isa = PBXFileReference; name = "iconsminds.woff"; path = "../assets/fonts/iconsmind/iconsminds.woff"; sourceTree = "<group>"; fileEncoding = undefined; lastKnownFileType = unknown; explicitFileType = undefined; includeInIndex = 0; };
		711D0FBCF64948CAAD349C5E /* iconsminds.woff2 */ = {isa = PBXFileReference; name = "iconsminds.woff2"; path = "../assets/fonts/iconsmind/iconsminds.woff2"; sourceTree = "<group>"; fileEncoding = undefined; lastKnownFileType = unknown; explicitFileType = undefined; includeInIndex = 0; };
		F6C228A4C1C74350A62EFBAE /* AntDesign.ttf */ = {isa = PBXFileReference; name = "AntDesign.ttf"; path = "../node_modules/react-native-vector-icons/Fonts/AntDesign.ttf"; sourceTree = "<group>"; fileEncoding = undefined; lastKnownFileType = unknown; explicitFileType = undefined; includeInIndex = 0; };
		1DACFBF263CC44EBA0CAC3F4 /* Entypo.ttf */ = {isa = PBXFileReference; name = "Entypo.ttf"; path = "../node_modules/react-native-vector-icons/Fonts/Entypo.ttf"; sourceTree = "<group>"; fileEncoding = undefined; lastKnownFileType = unknown; explicitFileType = undefined; includeInIndex = 0; };
		6A4DD3BC83B84A1797D1FFD0 /* EvilIcons.ttf */ = {isa = PBXFileReference; name = "EvilIcons.ttf"; path = "../node_modules/react-native-vector-icons/Fonts/EvilIcons.ttf"; sourceTree = "<group>"; fileEncoding = undefined; lastKnownFileType = unknown; explicitFileType = undefined; includeInIndex = 0; };
		E2534010EFE04FDE85A2885D /* Feather.ttf */ = {isa = PBXFileReference; name = "Feather.ttf"; path = "../node_modules/react-native-vector-icons/Fonts/Feather.ttf"; sourceTree = "<group>"; fileEncoding = undefined; lastKnownFileType = unknown; explicitFileType = undefined; includeInIndex = 0; };
		CCAA9F4D0055453E94DFD6B9 /* FontAwesome.ttf */ = {isa = PBXFileReference; name = "FontAwesome.ttf"; path = "../node_modules/react-native-vector-icons/Fonts/FontAwesome.ttf"; sourceTree = "<group>"; fileEncoding = undefined; lastKnownFileType = unknown; explicitFileType = undefined; includeInIndex = 0; };
		A55ACD8432B14AC6B449FD28 /* FontAwesome5_Brands.ttf */ = {isa = PBXFileReference; name = "FontAwesome5_Brands.ttf"; path = "../node_modules/react-native-vector-icons/Fonts/FontAwesome5_Brands.ttf"; sourceTree = "<group>"; fileEncoding = undefined; lastKnownFileType = unknown; explicitFileType = undefined; includeInIndex = 0; };
		1F4D6CA1578A4749AE93818A /* FontAwesome5_Regular.ttf */ = {isa = PBXFileReference; name = "FontAwesome5_Regular.ttf"; path = "../node_modules/react-native-vector-icons/Fonts/FontAwesome5_Regular.ttf"; sourceTree = "<group>"; fileEncoding = undefined; lastKnownFileType = unknown; explicitFileType = undefined; includeInIndex = 0; };
		E45229CA6593441EA890C134 /* FontAwesome5_Solid.ttf */ = {isa = PBXFileReference; name = "FontAwesome5_Solid.ttf"; path = "../node_modules/react-native-vector-icons/Fonts/FontAwesome5_Solid.ttf"; sourceTree = "<group>"; fileEncoding = undefined; lastKnownFileType = unknown; explicitFileType = undefined; includeInIndex = 0; };
		1AEEC741430B49BDBA89ADFF /* Fontisto.ttf */ = {isa = PBXFileReference; name = "Fontisto.ttf"; path = "../node_modules/react-native-vector-icons/Fonts/Fontisto.ttf"; sourceTree = "<group>"; fileEncoding = undefined; lastKnownFileType = unknown; explicitFileType = undefined; includeInIndex = 0; };
		C7E5E97560154F1D87BFA977 /* Foundation.ttf */ = {isa = PBXFileReference; name = "Foundation.ttf"; path = "../node_modules/react-native-vector-icons/Fonts/Foundation.ttf"; sourceTree = "<group>"; fileEncoding = undefined; lastKnownFileType = unknown; explicitFileType = undefined; includeInIndex = 0; };
		76A4436058E041E1AB380D31 /* Ionicons.ttf */ = {isa = PBXFileReference; name = "Ionicons.ttf"; path = "../node_modules/react-native-vector-icons/Fonts/Ionicons.ttf"; sourceTree = "<group>"; fileEncoding = undefined; lastKnownFileType = unknown; explicitFileType = undefined; includeInIndex = 0; };
		E26E835F5BB0486F80803005 /* MaterialCommunityIcons.ttf */ = {isa = PBXFileReference; name = "MaterialCommunityIcons.ttf"; path = "../node_modules/react-native-vector-icons/Fonts/MaterialCommunityIcons.ttf"; sourceTree = "<group>"; fileEncoding = undefined; lastKnownFileType = unknown; explicitFileType = undefined; includeInIndex = 0; };
		888FA5252E534C1598B0E949 /* MaterialIcons.ttf */ = {isa = PBXFileReference; name = "MaterialIcons.ttf"; path = "../node_modules/react-native-vector-icons/Fonts/MaterialIcons.ttf"; sourceTree = "<group>"; fileEncoding = undefined; lastKnownFileType = unknown; explicitFileType = undefined; includeInIndex = 0; };
		ABBCE5140EB448CD9BAD5245 /* Octicons.ttf */ = {isa = PBXFileReference; name = "Octicons.ttf"; path = "../node_modules/react-native-vector-icons/Fonts/Octicons.ttf"; sourceTree = "<group>"; fileEncoding = undefined; lastKnownFileType = unknown; explicitFileType = undefined; includeInIndex = 0; };
		76C75B4166B14FFFBFBBA9AA /* SimpleLineIcons.ttf */ = {isa = PBXFileReference; name = "SimpleLineIcons.ttf"; path = "../node_modules/react-native-vector-icons/Fonts/SimpleLineIcons.ttf"; sourceTree = "<group>"; fileEncoding = undefined; lastKnownFileType = unknown; explicitFileType = undefined; includeInIndex = 0; };
		C6E2955A941F49B38DD97D8A /* Zocial.ttf */ = {isa = PBXFileReference; name = "Zocial.ttf"; path = "../node_modules/react-native-vector-icons/Fonts/Zocial.ttf"; sourceTree = "<group>"; fileEncoding = undefined; lastKnownFileType = unknown; explicitFileType = undefined; includeInIndex = 0; };
		064D8870D0374524B0EA3232 /* Simple-Line-Icons.svg */ = {isa = PBXFileReference; name = "Simple-Line-Icons.svg"; path = "../assets/fonts/simplelineicon/Simple-Line-Icons.svg"; sourceTree = "<group>"; fileEncoding = undefined; lastKnownFileType = unknown; explicitFileType = undefined; includeInIndex = 0; };
		BB3D8A9C584849B0946FB700 /* Simple-Line-Icons.ttf */ = {isa = PBXFileReference; name = "Simple-Line-Icons.ttf"; path = "../assets/fonts/simplelineicon/Simple-Line-Icons.ttf"; sourceTree = "<group>"; fileEncoding = undefined; lastKnownFileType = unknown; explicitFileType = undefined; includeInIndex = 0; };
		EAD804E2442D4117B64BF5C7 /* Simple-Line-Icons.woff */ = {isa = PBXFileReference; name = "Simple-Line-Icons.woff"; path = "../assets/fonts/simplelineicon/Simple-Line-Icons.woff"; sourceTree = "<group>"; fileEncoding = undefined; lastKnownFileType = unknown; explicitFileType = undefined; includeInIndex = 0; };
		3530648D98134DBF9B1CD790 /* Simple-Line-Icons.woff2 */ = {isa = PBXFileReference; name = "Simple-Line-Icons.woff2"; path = "../assets/fonts/simplelineicon/Simple-Line-Icons.woff2"; sourceTree = "<group>"; fileEncoding = undefined; lastKnownFileType = unknown; explicitFileType = undefined; includeInIndex = 0; };
		16A0C98D75E74CC89CC3D7C4 /* simplelineicon.svg */ = {isa = PBXFileReference; name = "simplelineicon.svg"; path = "../assets/fonts/simplelineicon/simplelineicon.svg"; sourceTree = "<group>"; fileEncoding = undefined; lastKnownFileType = unknown; explicitFileType = undefined; includeInIndex = 0; };
		9CEEF588A6874C0A9B6FDDF0 /* simplelineicon.ttf */ = {isa = PBXFileReference; name = "simplelineicon.ttf"; path = "../assets/fonts/simplelineicon/simplelineicon.ttf"; sourceTree = "<group>"; fileEncoding = undefined; lastKnownFileType = unknown; explicitFileType = undefined; includeInIndex = 0; };
		03D615E2201E45A395B0BF70 /* simplelineicon.woff */ = {isa = PBXFileReference; name = "simplelineicon.woff"; path = "../assets/fonts/simplelineicon/simplelineicon.woff"; sourceTree = "<group>"; fileEncoding = undefined; lastKnownFileType = unknown; explicitFileType = undefined; includeInIndex = 0; };
		57CEFEB98B264D61B6F531D0 /* simplelineicon.woff2 */ = {isa = PBXFileReference; name = "simplelineicon.woff2"; path = "../assets/fonts/simplelineicon/simplelineicon.woff2"; sourceTree = "<group>"; fileEncoding = undefined; lastKnownFileType = unknown; explicitFileType = undefined; includeInIndex = 0; };
/* End PBXFileReference section */

/* Begin PBXFrameworksBuildPhase section */
		13B07F8C1A680F5B00A75B9A /* Frameworks */ = {
			isa = PBXFrameworksBuildPhase;
			buildActionMask = 2147483647;
			files = (
				96905EF65AED1B983A6B3ABC /* libPods-fourleavesapp.a in Frameworks */,
			);
			runOnlyForDeploymentPostprocessing = 0;
		};
/* End PBXFrameworksBuildPhase section */

/* Begin PBXGroup section */
		13B07FAE1A68108700A75B9A /* fourleavesapp */ = {
			isa = PBXGroup;
			children = (
				BB2F792B24A3F905000567C9 /* Supporting */,
				008F07F21AC5B25A0029DE68 /* main.jsbundle */,
				13B07FAF1A68108700A75B9A /* AppDelegate.h */,
				13B07FB01A68108700A75B9A /* AppDelegate.m */,
				13B07FB51A68108700A75B9A /* Images.xcassets */,
				13B07FB61A68108700A75B9A /* Info.plist */,
				13B07FB11A68108700A75B9A /* LaunchScreen.xib */,
				13B07FB71A68108700A75B9A /* main.m */,
				AA286B85B6C04FC6940260E9 /* SplashScreen.storyboard */,
			);
			name = fourleavesapp;
			sourceTree = "<group>";
		};
		2D16E6871FA4F8E400B85C8A /* Frameworks */ = {
			isa = PBXGroup;
			children = (
				ED297162215061F000B7C4FE /* JavaScriptCore.framework */,
				ED2971642150620600B7C4FE /* JavaScriptCore.framework */,
				58EEBF8E8E6FB1BC6CAF49B5 /* libPods-fourleavesapp.a */,
			);
			name = Frameworks;
			sourceTree = "<group>";
		};
		832341AE1AAA6A7D00B99B32 /* Libraries */ = {
			isa = PBXGroup;
			children = (
			);
			name = Libraries;
			sourceTree = "<group>";
		};
		83CBB9F61A601CBA00E9B192 = {
			isa = PBXGroup;
			children = (
				13B07FAE1A68108700A75B9A /* fourleavesapp */,
				832341AE1AAA6A7D00B99B32 /* Libraries */,
				83CBBA001A601CBA00E9B192 /* Products */,
				2D16E6871FA4F8E400B85C8A /* Frameworks */,
				D65327D7A22EEC0BE12398D9 /* Pods */,
				296D9C84B935422E8611CD91 /* Resources */,
			);
			indentWidth = 2;
			sourceTree = "<group>";
			tabWidth = 2;
			usesTabs = 0;
		};
		83CBBA001A601CBA00E9B192 /* Products */ = {
			isa = PBXGroup;
			children = (
				13B07F961A680F5B00A75B9A /* fourleavesapp.app */,
			);
			name = Products;
			sourceTree = "<group>";
		};
		BB2F792B24A3F905000567C9 /* Supporting */ = {
			isa = PBXGroup;
			children = (
				BB2F792C24A3F905000567C9 /* Expo.plist */,
			);
			name = Supporting;
			path = fourleavesapp/Supporting;
			sourceTree = "<group>";
		};
		D65327D7A22EEC0BE12398D9 /* Pods */ = {
			isa = PBXGroup;
			children = (
				6C2E3173556A471DD304B334 /* Pods-fourleavesapp.debug.xcconfig */,
				7A4D352CD337FB3A3BF06240 /* Pods-fourleavesapp.release.xcconfig */,
			);
			path = Pods;
			sourceTree = "<group>";
		};
		296D9C84B935422E8611CD91 /* Resources */ = {
			isa = "PBXGroup";
			children = (
				AFB57BB28B7340DEA6DCEF7A /* Nunito-Black.ttf */,
				9D6E9D76C5DC4AADAF0EA9C4 /* Nunito-BlackItalic.ttf */,
				1C96E0130F4D436DACC336F0 /* Nunito-Bold.ttf */,
				63A3F13BF6CA4CE5BD6AFA0B /* Nunito-BoldItalic.ttf */,
				BEBC77B5BD4A42238D14EF15 /* Nunito-ExtraBold.ttf */,
				EEFFA2E7CE4F4F688BBA0F53 /* Nunito-ExtraBoldItalic.ttf */,
				0B563E3E32284666937FD78D /* Nunito-ExtraLight.ttf */,
				87E610BBE911424EB033F3F5 /* Nunito-ExtraLightItalic.ttf */,
				1B41DC1D45D5463A80D45160 /* Nunito-Italic.ttf */,
				A85F29D9ED27430FB41FD5D2 /* Nunito-Light.ttf */,
				07FDEF3BAF18444A8005933E /* Nunito-LightItalic.ttf */,
				B9BAB94FE22248E68C17FE8A /* Nunito-Regular.ttf */,
				7857716A3E7746A98B242BA8 /* Nunito-SemiBold.ttf */,
				4A69385F88484EA4891EE02F /* Nunito-SemiBoldItalic.ttf */,
				CD680F8B14DF46729FF1ABEC /* OpenSans-Bold.ttf */,
				C8576C3156934584B6B2EC36 /* OpenSans-BoldItalic.ttf */,
				C2B7FB9A95F64597BBA9FCB5 /* OpenSans-ExtraBold.ttf */,
				FEA6262195604CB9B6DA9877 /* OpenSans-ExtraBoldItalic.ttf */,
				DBD4CA68DF1C433294633786 /* OpenSans-Italic.ttf */,
				1DA08F06070D4A1381EBFBB1 /* OpenSans-Light.ttf */,
				8A07CBFA698E43CBB62AFB48 /* OpenSans-LightItalic.ttf */,
				EF71258CCCBB42B4A665DC6F /* OpenSans-Regular.ttf */,
				5B790392B77E42B787E6E2D0 /* OpenSans-SemiBold.ttf */,
				9066F6F62F174F6BBB5DAAFB /* OpenSans-SemiBoldItalic.ttf */,
				ACB9BE8FC5CB49C481801209 /* example-page.png */,
				959FC14698A04000AE86BFFF /* example-page@2x.png */,
				7D4FFD35B9BB402C965ED3F8 /* example-people.png */,
				1AED82E72BA240BE971D7319 /* example-people@2x.png */,
				8866C406535643518355B362 /* example-post.png */,
				5AEFAE85219D4245989E6492 /* example-post@2x.png */,
				3D06CBA707444572943CD73C /* iconsminds.svg */,
				4F47D4DBC11C4E749BCAB9A1 /* iconsminds.ttf */,
				67DAAD53B2B94BC195ADD71A /* iconsminds.woff */,
				711D0FBCF64948CAAD349C5E /* iconsminds.woff2 */,
				F6C228A4C1C74350A62EFBAE /* AntDesign.ttf */,
				1DACFBF263CC44EBA0CAC3F4 /* Entypo.ttf */,
				6A4DD3BC83B84A1797D1FFD0 /* EvilIcons.ttf */,
				E2534010EFE04FDE85A2885D /* Feather.ttf */,
				CCAA9F4D0055453E94DFD6B9 /* FontAwesome.ttf */,
				A55ACD8432B14AC6B449FD28 /* FontAwesome5_Brands.ttf */,
				1F4D6CA1578A4749AE93818A /* FontAwesome5_Regular.ttf */,
				E45229CA6593441EA890C134 /* FontAwesome5_Solid.ttf */,
				1AEEC741430B49BDBA89ADFF /* Fontisto.ttf */,
				C7E5E97560154F1D87BFA977 /* Foundation.ttf */,
				76A4436058E041E1AB380D31 /* Ionicons.ttf */,
				E26E835F5BB0486F80803005 /* MaterialCommunityIcons.ttf */,
				888FA5252E534C1598B0E949 /* MaterialIcons.ttf */,
				ABBCE5140EB448CD9BAD5245 /* Octicons.ttf */,
				76C75B4166B14FFFBFBBA9AA /* SimpleLineIcons.ttf */,
				C6E2955A941F49B38DD97D8A /* Zocial.ttf */,
				064D8870D0374524B0EA3232 /* Simple-Line-Icons.svg */,
				BB3D8A9C584849B0946FB700 /* Simple-Line-Icons.ttf */,
				EAD804E2442D4117B64BF5C7 /* Simple-Line-Icons.woff */,
				3530648D98134DBF9B1CD790 /* Simple-Line-Icons.woff2 */,
				16A0C98D75E74CC89CC3D7C4 /* simplelineicon.svg */,
				9CEEF588A6874C0A9B6FDDF0 /* simplelineicon.ttf */,
				03D615E2201E45A395B0BF70 /* simplelineicon.woff */,
				57CEFEB98B264D61B6F531D0 /* simplelineicon.woff2 */,
			);
			name = Resources;
			sourceTree = "<group>";
			path = "";
		};
/* End PBXGroup section */

/* Begin PBXNativeTarget section */
		13B07F861A680F5B00A75B9A /* fourleavesapp */ = {
			isa = PBXNativeTarget;
			buildConfigurationList = 13B07F931A680F5B00A75B9A /* Build configuration list for PBXNativeTarget "fourleavesapp" */;
			buildPhases = (
				08A4A3CD28434E44B6B9DE2E /* [CP] Check Pods Manifest.lock */,
				FD10A7F022414F080027D42C /* Start Packager */,
				13B07F871A680F5B00A75B9A /* Sources */,
				13B07F8C1A680F5B00A75B9A /* Frameworks */,
				13B07F8E1A680F5B00A75B9A /* Resources */,
				00DD1BFF1BD5951E006B06BC /* Bundle React Native code and images */,
			);
			buildRules = (
			);
			dependencies = (
			);
			name = fourleavesapp;
			productName = fourleavesapp;
			productReference = 13B07F961A680F5B00A75B9A /* fourleavesapp.app */;
			productType = "com.apple.product-type.application";
		};
/* End PBXNativeTarget section */

/* Begin PBXProject section */
		83CBB9F71A601CBA00E9B192 /* Project object */ = {
			isa = PBXProject;
			attributes = {
				LastUpgradeCheck = 1130;
				TargetAttributes = {
					13B07F861A680F5B00A75B9A = {
						LastSwiftMigration = 1120;
					};
				};
			};
			buildConfigurationList = 83CBB9FA1A601CBA00E9B192 /* Build configuration list for PBXProject "fourleavesapp" */;
			compatibilityVersion = "Xcode 3.2";
			developmentRegion = en;
			hasScannedForEncodings = 0;
			knownRegions = (
				en,
				Base,
			);
			mainGroup = 83CBB9F61A601CBA00E9B192;
			productRefGroup = 83CBBA001A601CBA00E9B192 /* Products */;
			projectDirPath = "";
			projectRoot = "";
			targets = (
				13B07F861A680F5B00A75B9A /* fourleavesapp */,
			);
		};
/* End PBXProject section */

/* Begin PBXResourcesBuildPhase section */
		13B07F8E1A680F5B00A75B9A /* Resources */ = {
			isa = PBXResourcesBuildPhase;
			buildActionMask = 2147483647;
			files = (
				BB2F792D24A3F905000567C9 /* Expo.plist in Resources */,
				13B07FBF1A68108700A75B9A /* Images.xcassets in Resources */,
				13B07FBD1A68108700A75B9A /* LaunchScreen.xib in Resources */,
				3E461D99554A48A4959DE609 /* SplashScreen.storyboard in Resources */,
				7B13E962CAE14573B72908D8 /* Nunito-Black.ttf in Resources */,
				36BB8F0216A74DC9927E7E07 /* Nunito-BlackItalic.ttf in Resources */,
				5F215D62D4F6445581AEDB7A /* Nunito-Bold.ttf in Resources */,
				0C6BAF9DA1E64883ADA127CA /* Nunito-BoldItalic.ttf in Resources */,
				F0D9E9610EED4F9C81DBEE18 /* Nunito-ExtraBold.ttf in Resources */,
				56377924474D4104B8EF9DB6 /* Nunito-ExtraBoldItalic.ttf in Resources */,
				D379E33538C449328C37793F /* Nunito-ExtraLight.ttf in Resources */,
				DF4D9015CD274FD2B67829B5 /* Nunito-ExtraLightItalic.ttf in Resources */,
				399FE2963AEB4EBA9CD13147 /* Nunito-Italic.ttf in Resources */,
				B919B37CAC514236ABCA0741 /* Nunito-Light.ttf in Resources */,
				509DD379F6F543D6992D58A1 /* Nunito-LightItalic.ttf in Resources */,
				6903B1AAE9C0460AAF427048 /* Nunito-Regular.ttf in Resources */,
				A50059BF5E1545559DBE44AA /* Nunito-SemiBold.ttf in Resources */,
				C402EC0BF46848EA806ED0C2 /* Nunito-SemiBoldItalic.ttf in Resources */,
				35F22F697E1B4994850B0153 /* OpenSans-Bold.ttf in Resources */,
				E2E889E9425C43D7807CC416 /* OpenSans-BoldItalic.ttf in Resources */,
				B407774B0DC24799B07F5526 /* OpenSans-ExtraBold.ttf in Resources */,
				81C77AA60065459DB8821A42 /* OpenSans-ExtraBoldItalic.ttf in Resources */,
				59BBDF23120940DDA0891D91 /* OpenSans-Italic.ttf in Resources */,
				94FC51DE52F24C4DBFAFE88F /* OpenSans-Light.ttf in Resources */,
				1C7CFC52431941FA81D0D721 /* OpenSans-LightItalic.ttf in Resources */,
				3748DFB1467748C5AC8D7F99 /* OpenSans-Regular.ttf in Resources */,
				D35BCBF92615467FBF6CEAE7 /* OpenSans-SemiBold.ttf in Resources */,
				41A716117FC64AAA90E6AA34 /* OpenSans-SemiBoldItalic.ttf in Resources */,
				4E190B930C4C4896B27403D4 /* example-page.png in Resources */,
				1E4FF2A908A541BFBFD34B54 /* example-page@2x.png in Resources */,
				1A8B3F843E0648C493FE0AA3 /* example-people.png in Resources */,
				7BADA4E8AF9D42EFAC4A051D /* example-people@2x.png in Resources */,
				242114C2C0604F2D8E48984B /* example-post.png in Resources */,
				70DC198BE84041FEA7B675A2 /* example-post@2x.png in Resources */,
				18B643E4CB7D4145824F809C /* iconsminds.svg in Resources */,
				9B09DEF1549049518E646AE1 /* iconsminds.ttf in Resources */,
				993129B386E8406BB5A9A32E /* iconsminds.woff in Resources */,
				BECA4ABA8C5F4108A30F2B92 /* iconsminds.woff2 in Resources */,
				5653F7D8334448C291A43066 /* AntDesign.ttf in Resources */,
				7357ABBD7DB740C1ABE0FDFC /* Entypo.ttf in Resources */,
				D5A933E5C7BF4093BA3D5A57 /* EvilIcons.ttf in Resources */,
				3D8A2960547B4C2CA1FC4F02 /* Feather.ttf in Resources */,
				F58E313870A04694A7366D3E /* FontAwesome.ttf in Resources */,
				3634464820114EE1B5BA9AFB /* FontAwesome5_Brands.ttf in Resources */,
				BCFC33F976CB4A539C208878 /* FontAwesome5_Regular.ttf in Resources */,
				A6221B5180A04976A9296499 /* FontAwesome5_Solid.ttf in Resources */,
				084A9510AD14408A90E52008 /* Fontisto.ttf in Resources */,
				6940E90C652044A79C802E33 /* Foundation.ttf in Resources */,
				6CF4ABBCB07B4323B5856645 /* Ionicons.ttf in Resources */,
				330FE7FCB446407089067DCB /* MaterialCommunityIcons.ttf in Resources */,
				F3E206312DF040E38DB7FAB8 /* MaterialIcons.ttf in Resources */,
				E84DE3F6D49E4D6586502A7B /* Octicons.ttf in Resources */,
				A8724382DC62408CA00BBA9B /* SimpleLineIcons.ttf in Resources */,
				8FA223980E204E8FB96ED1A9 /* Zocial.ttf in Resources */,
				A7EEB517086545C8A2F91730 /* Simple-Line-Icons.svg in Resources */,
				F65932FF1D554A7B8C9B2F4C /* Simple-Line-Icons.ttf in Resources */,
				9E09B3F2EA574E6392092A03 /* Simple-Line-Icons.woff in Resources */,
				D080828586E94BD38019A45E /* Simple-Line-Icons.woff2 in Resources */,
				60F15A4E6D21402884DBF460 /* simplelineicon.svg in Resources */,
				735558FF45834CFB8A7D4FBC /* simplelineicon.ttf in Resources */,
				3EE854AB5899414E823419DA /* simplelineicon.woff in Resources */,
				920F4C11995643D99ABEE86F /* simplelineicon.woff2 in Resources */,
			);
			runOnlyForDeploymentPostprocessing = 0;
		};
/* End PBXResourcesBuildPhase section */

/* Begin PBXShellScriptBuildPhase section */
		00DD1BFF1BD5951E006B06BC /* Bundle React Native code and images */ = {
			isa = PBXShellScriptBuildPhase;
			buildActionMask = 2147483647;
			files = (
			);
			inputPaths = (
			);
			name = "Bundle React Native code and images";
			outputPaths = (
			);
			runOnlyForDeploymentPostprocessing = 0;
			shellPath = /bin/sh;
			shellScript = "export NODE_BINARY=node\n../node_modules/react-native/scripts/react-native-xcode.sh\n../node_modules/expo-updates/scripts/create-manifest-ios.sh\n";
		};
		08A4A3CD28434E44B6B9DE2E /* [CP] Check Pods Manifest.lock */ = {
			isa = PBXShellScriptBuildPhase;
			buildActionMask = 2147483647;
			files = (
			);
			inputFileListPaths = (
			);
			inputPaths = (
				"${PODS_PODFILE_DIR_PATH}/Podfile.lock",
				"${PODS_ROOT}/Manifest.lock",
			);
			name = "[CP] Check Pods Manifest.lock";
			outputFileListPaths = (
			);
			outputPaths = (
				"$(DERIVED_FILE_DIR)/Pods-fourleavesapp-checkManifestLockResult.txt",
			);
			runOnlyForDeploymentPostprocessing = 0;
			shellPath = /bin/sh;
			shellScript = "diff \"${PODS_PODFILE_DIR_PATH}/Podfile.lock\" \"${PODS_ROOT}/Manifest.lock\" > /dev/null\nif [ $? != 0 ] ; then\n    # print error to STDERR\n    echo \"error: The sandbox is not in sync with the Podfile.lock. Run 'pod install' or update your CocoaPods installation.\" >&2\n    exit 1\nfi\n# This output is used by Xcode 'outputs' to avoid re-running this script phase.\necho \"SUCCESS\" > \"${SCRIPT_OUTPUT_FILE_0}\"\n";
			showEnvVarsInLog = 0;
		};
		FD10A7F022414F080027D42C /* Start Packager */ = {
			isa = PBXShellScriptBuildPhase;
			buildActionMask = 2147483647;
			files = (
			);
			inputFileListPaths = (
			);
			inputPaths = (
			);
			name = "Start Packager";
			outputFileListPaths = (
			);
			outputPaths = (
			);
			runOnlyForDeploymentPostprocessing = 0;
			shellPath = /bin/sh;
			shellScript = "export RCT_METRO_PORT=\"${RCT_METRO_PORT:=8081}\"\necho \"export RCT_METRO_PORT=${RCT_METRO_PORT}\" > \"${SRCROOT}/../node_modules/react-native/scripts/.packager.env\"\nif [ -z \"${RCT_NO_LAUNCH_PACKAGER+xxx}\" ] ; then\n  if nc -w 5 -z localhost ${RCT_METRO_PORT} ; then\n    if ! curl -s \"http://localhost:${RCT_METRO_PORT}/status\" | grep -q \"packager-status:running\" ; then\n      echo \"Port ${RCT_METRO_PORT} already in use, packager is either not running or not running correctly\"\n      exit 2\n    fi\n  else\n    open \"$SRCROOT/../node_modules/react-native/scripts/launchPackager.command\" || echo \"Can't start packager automatically\"\n  fi\nfi\n";
			showEnvVarsInLog = 0;
		};
/* End PBXShellScriptBuildPhase section */

/* Begin PBXSourcesBuildPhase section */
		13B07F871A680F5B00A75B9A /* Sources */ = {
			isa = PBXSourcesBuildPhase;
			buildActionMask = 2147483647;
			files = (
				13B07FBC1A68108700A75B9A /* AppDelegate.m in Sources */,
				13B07FC11A68108700A75B9A /* main.m in Sources */,
			);
			runOnlyForDeploymentPostprocessing = 0;
		};
/* End PBXSourcesBuildPhase section */

/* Begin PBXVariantGroup section */
		13B07FB11A68108700A75B9A /* LaunchScreen.xib */ = {
			isa = PBXVariantGroup;
			children = (
				13B07FB21A68108700A75B9A /* Base */,
			);
			name = LaunchScreen.xib;
			path = fourleavesapp;
			sourceTree = "<group>";
		};
/* End PBXVariantGroup section */

/* Begin XCBuildConfiguration section */
		13B07F941A680F5B00A75B9A /* Debug */ = {
			isa = XCBuildConfiguration;
			baseConfigurationReference = 6C2E3173556A471DD304B334 /* Pods-fourleavesapp.debug.xcconfig */;
			buildSettings = {
				ASSETCATALOG_COMPILER_APPICON_NAME = AppIcon;
				CLANG_ENABLE_MODULES = YES;
				CURRENT_PROJECT_VERSION = 1;
				ENABLE_BITCODE = NO;
				GCC_PREPROCESSOR_DEFINITIONS = (
					"$(inherited)",
					"FB_SONARKIT_ENABLED=1",
				);
				INFOPLIST_FILE = fourleavesapp/Info.plist;
				IPHONEOS_DEPLOYMENT_TARGET = 10.0;
				LD_RUNPATH_SEARCH_PATHS = "$(inherited) @executable_path/Frameworks";
				OTHER_LDFLAGS = (
					"$(inherited)",
					"-ObjC",
					"-lc++",
				);
				PRODUCT_BUNDLE_IDENTIFIER = org.name.fourleavesapp;
				PRODUCT_NAME = fourleavesapp;
				SWIFT_OPTIMIZATION_LEVEL = "-Onone";
				SWIFT_VERSION = 5.0;
				VERSIONING_SYSTEM = "apple-generic";
			};
			name = Debug;
		};
		13B07F951A680F5B00A75B9A /* Release */ = {
			isa = XCBuildConfiguration;
			baseConfigurationReference = 7A4D352CD337FB3A3BF06240 /* Pods-fourleavesapp.release.xcconfig */;
			buildSettings = {
				ASSETCATALOG_COMPILER_APPICON_NAME = AppIcon;
				CLANG_ENABLE_MODULES = YES;
				CURRENT_PROJECT_VERSION = 1;
				INFOPLIST_FILE = fourleavesapp/Info.plist;
				IPHONEOS_DEPLOYMENT_TARGET = 10.0;
				LD_RUNPATH_SEARCH_PATHS = "$(inherited) @executable_path/Frameworks";
				OTHER_LDFLAGS = (
					"$(inherited)",
					"-ObjC",
					"-lc++",
				);
				PRODUCT_BUNDLE_IDENTIFIER = org.name.fourleavesapp;
				PRODUCT_NAME = fourleavesapp;
				SWIFT_VERSION = 5.0;
				VERSIONING_SYSTEM = "apple-generic";
			};
			name = Release;
		};
		83CBBA201A601CBA00E9B192 /* Debug */ = {
			isa = XCBuildConfiguration;
			buildSettings = {
				ALWAYS_SEARCH_USER_PATHS = NO;
				CLANG_ANALYZER_LOCALIZABILITY_NONLOCALIZED = YES;
				CLANG_CXX_LANGUAGE_STANDARD = "gnu++0x";
				CLANG_CXX_LIBRARY = "libc++";
				CLANG_ENABLE_MODULES = YES;
				CLANG_ENABLE_OBJC_ARC = YES;
				CLANG_WARN_BLOCK_CAPTURE_AUTORELEASING = YES;
				CLANG_WARN_BOOL_CONVERSION = YES;
				CLANG_WARN_COMMA = YES;
				CLANG_WARN_CONSTANT_CONVERSION = YES;
				CLANG_WARN_DEPRECATED_OBJC_IMPLEMENTATIONS = YES;
				CLANG_WARN_DIRECT_OBJC_ISA_USAGE = YES_ERROR;
				CLANG_WARN_EMPTY_BODY = YES;
				CLANG_WARN_ENUM_CONVERSION = YES;
				CLANG_WARN_INFINITE_RECURSION = YES;
				CLANG_WARN_INT_CONVERSION = YES;
				CLANG_WARN_NON_LITERAL_NULL_CONVERSION = YES;
				CLANG_WARN_OBJC_IMPLICIT_RETAIN_SELF = YES;
				CLANG_WARN_OBJC_LITERAL_CONVERSION = YES;
				CLANG_WARN_OBJC_ROOT_CLASS = YES_ERROR;
				CLANG_WARN_RANGE_LOOP_ANALYSIS = YES;
				CLANG_WARN_STRICT_PROTOTYPES = YES;
				CLANG_WARN_SUSPICIOUS_MOVE = YES;
				CLANG_WARN_UNREACHABLE_CODE = YES;
				CLANG_WARN__DUPLICATE_METHOD_MATCH = YES;
				"CODE_SIGN_IDENTITY[sdk=iphoneos*]" = "iPhone Developer";
				COPY_PHASE_STRIP = NO;
				ENABLE_STRICT_OBJC_MSGSEND = YES;
				ENABLE_TESTABILITY = YES;
				GCC_C_LANGUAGE_STANDARD = gnu99;
				GCC_DYNAMIC_NO_PIC = NO;
				GCC_NO_COMMON_BLOCKS = YES;
				GCC_OPTIMIZATION_LEVEL = 0;
				GCC_PREPROCESSOR_DEFINITIONS = (
					"DEBUG=1",
					"$(inherited)",
				);
				GCC_SYMBOLS_PRIVATE_EXTERN = NO;
				GCC_WARN_64_TO_32_BIT_CONVERSION = YES;
				GCC_WARN_ABOUT_RETURN_TYPE = YES_ERROR;
				GCC_WARN_UNDECLARED_SELECTOR = YES;
				GCC_WARN_UNINITIALIZED_AUTOS = YES_AGGRESSIVE;
				GCC_WARN_UNUSED_FUNCTION = YES;
				GCC_WARN_UNUSED_VARIABLE = YES;
				IPHONEOS_DEPLOYMENT_TARGET = 10.0;
				LD_RUNPATH_SEARCH_PATHS = "/usr/lib/swift $(inherited)";
				LIBRARY_SEARCH_PATHS = (
					"\"$(TOOLCHAIN_DIR)/usr/lib/swift/$(PLATFORM_NAME)\"",
					"\"$(TOOLCHAIN_DIR)/usr/lib/swift-5.0/$(PLATFORM_NAME)\"",
					"\"$(inherited)\"",
				);
				MTL_ENABLE_DEBUG_INFO = YES;
				ONLY_ACTIVE_ARCH = YES;
				SDKROOT = iphoneos;
			};
			name = Debug;
		};
		83CBBA211A601CBA00E9B192 /* Release */ = {
			isa = XCBuildConfiguration;
			buildSettings = {
				ALWAYS_SEARCH_USER_PATHS = NO;
				CLANG_ANALYZER_LOCALIZABILITY_NONLOCALIZED = YES;
				CLANG_CXX_LANGUAGE_STANDARD = "gnu++0x";
				CLANG_CXX_LIBRARY = "libc++";
				CLANG_ENABLE_MODULES = YES;
				CLANG_ENABLE_OBJC_ARC = YES;
				CLANG_WARN_BLOCK_CAPTURE_AUTORELEASING = YES;
				CLANG_WARN_BOOL_CONVERSION = YES;
				CLANG_WARN_COMMA = YES;
				CLANG_WARN_CONSTANT_CONVERSION = YES;
				CLANG_WARN_DEPRECATED_OBJC_IMPLEMENTATIONS = YES;
				CLANG_WARN_DIRECT_OBJC_ISA_USAGE = YES_ERROR;
				CLANG_WARN_EMPTY_BODY = YES;
				CLANG_WARN_ENUM_CONVERSION = YES;
				CLANG_WARN_INFINITE_RECURSION = YES;
				CLANG_WARN_INT_CONVERSION = YES;
				CLANG_WARN_NON_LITERAL_NULL_CONVERSION = YES;
				CLANG_WARN_OBJC_IMPLICIT_RETAIN_SELF = YES;
				CLANG_WARN_OBJC_LITERAL_CONVERSION = YES;
				CLANG_WARN_OBJC_ROOT_CLASS = YES_ERROR;
				CLANG_WARN_RANGE_LOOP_ANALYSIS = YES;
				CLANG_WARN_STRICT_PROTOTYPES = YES;
				CLANG_WARN_SUSPICIOUS_MOVE = YES;
				CLANG_WARN_UNREACHABLE_CODE = YES;
				CLANG_WARN__DUPLICATE_METHOD_MATCH = YES;
				"CODE_SIGN_IDENTITY[sdk=iphoneos*]" = "iPhone Developer";
				COPY_PHASE_STRIP = YES;
				ENABLE_NS_ASSERTIONS = NO;
				ENABLE_STRICT_OBJC_MSGSEND = YES;
				GCC_C_LANGUAGE_STANDARD = gnu99;
				GCC_NO_COMMON_BLOCKS = YES;
				GCC_WARN_64_TO_32_BIT_CONVERSION = YES;
				GCC_WARN_ABOUT_RETURN_TYPE = YES_ERROR;
				GCC_WARN_UNDECLARED_SELECTOR = YES;
				GCC_WARN_UNINITIALIZED_AUTOS = YES_AGGRESSIVE;
				GCC_WARN_UNUSED_FUNCTION = YES;
				GCC_WARN_UNUSED_VARIABLE = YES;
				IPHONEOS_DEPLOYMENT_TARGET = 10.0;
				LD_RUNPATH_SEARCH_PATHS = "/usr/lib/swift $(inherited)";
				LIBRARY_SEARCH_PATHS = (
					"\"$(TOOLCHAIN_DIR)/usr/lib/swift/$(PLATFORM_NAME)\"",
					"\"$(TOOLCHAIN_DIR)/usr/lib/swift-5.0/$(PLATFORM_NAME)\"",
					"\"$(inherited)\"",
				);
				MTL_ENABLE_DEBUG_INFO = NO;
				SDKROOT = iphoneos;
				VALIDATE_PRODUCT = YES;
			};
			name = Release;
		};
/* End XCBuildConfiguration section */

/* Begin XCConfigurationList section */
		13B07F931A680F5B00A75B9A /* Build configuration list for PBXNativeTarget "fourleavesapp" */ = {
			isa = XCConfigurationList;
			buildConfigurations = (
				13B07F941A680F5B00A75B9A /* Debug */,
				13B07F951A680F5B00A75B9A /* Release */,
			);
			defaultConfigurationIsVisible = 0;
			defaultConfigurationName = Release;
		};
		83CBB9FA1A601CBA00E9B192 /* Build configuration list for PBXProject "fourleavesapp" */ = {
			isa = XCConfigurationList;
			buildConfigurations = (
				83CBBA201A601CBA00E9B192 /* Debug */,
				83CBBA211A601CBA00E9B192 /* Release */,
			);
			defaultConfigurationIsVisible = 0;
			defaultConfigurationName = Release;
		};
/* End XCConfigurationList section */
	};
	rootObject = 83CBB9F71A601CBA00E9B192 /* Project object */;
}
